
Microsoft Visual Studio Solution File, Format Version 12.00
# Visual Studio Version 17
VisualStudioVersion = 17.2.32616.157
MinimumVisualStudioVersion = 10.0.40219.1
Project("{FAE04EC0-301F-11D3-BF4B-00C04F79EFBC}") = "Activity 5 W2", "Activity 5 W2.csproj", "{29D81F44-A6D2-4C2B-9B5B-E48C851BEB26}"
EndProject
Global
	GlobalSection(SolutionConfigurationPlatforms) = preSolution
		Debug|Any CPU = Debug|Any CPU
		Release|Any CPU = Release|Any CPU
	EndGlobalSection
	GlobalSection(ProjectConfigurationPlatforms) = postSolution
		{29D81F44-A6D2-4C2B-9B5B-E48C851BEB26}.Debug|Any CPU.ActiveCfg = Debug|Any CPU
		{29D81F44-A6D2-4C2B-9B5B-E48C851BEB26}.Debug|Any CPU.Build.0 = Debug|Any CPU
		{29D81F44-A6D2-4C2B-9B5B-E48C851BEB26}.Release|Any CPU.ActiveCfg = Release|Any CPU
		{29D81F44-A6D2-4C2B-9B5B-E48C851BEB26}.Release|Any CPU.Build.0 = Release|Any CPU
	EndGlobalSection
	GlobalSection(SolutionProperties) = preSolution
		HideSolutionNode = FALSE
	EndGlobalSection
	GlobalSection(ExtensibilityGlobals) = postSolution
		SolutionGuid = {932A96DE-5C42-4488-8E1D-2D58043185C7}
	EndGlobalSection
EndGlobal
